schema: '2.0'
stages:
  download_data:
    cmd: wget https://git.io/vXTVC -O data/raw/dataset.csv
    outs:
    - path: data/raw/dataset.csv
      md5: 1a53f0e394e74914659007cc5f153b9f
      size: 1850
  sampling:
    cmd: poetry run python -m chapter01.sampling data/raw/dataset.csv data/interim/trace.pickle
      data/interim/model.pickle --samples=4000 --sample_tune=1000
    deps:
    - path: chapter01/sampling.py
      md5: f73a55e8db84b3c974d3b8e75feeb435
      size: 2310
    - path: data/raw/dataset.csv
      md5: 1a53f0e394e74914659007cc5f153b9f
      size: 1850
    outs:
    - path: data/interim/model.pickle
      md5: 860d5fd3645786f23e8aab6fdda0b562
      size: 767672
    - path: data/interim/trace.pickle
      md5: f2ecb2c7ab7d3b33813f9b66c34e3006
      size: 2666820
  analysis:
    cmd: poetry run python -m chapter01.analysis data/raw/dataset.csv data/interim/trace.pickle
      data/interim/model.pickle reports/figures/chapter01/ data/processed/trace_summary.csv
    deps:
    - path: chapter01/analysis.py
      md5: 5b22b3adcf612fd80b62ef70b0edbf3c
      size: 5215
    - path: data/interim/model.pickle
      md5: 860d5fd3645786f23e8aab6fdda0b562
      size: 767672
    - path: data/interim/trace.pickle
      md5: f2ecb2c7ab7d3b33813f9b66c34e3006
      size: 2666820
    - path: data/raw/dataset.csv
      md5: 1a53f0e394e74914659007cc5f153b9f
      size: 1850
    outs:
    - path: data/processed/trace_summary.csv
      md5: 4367ba715e0d003c9b4a022b1fffbca5
      size: 255
    - path: reports/figures/chapter01/
      md5: 89298950c44250aecaaac97e228bfa35.dir
      size: 248762
      nfiles: 4
  chap01_download_data:
    cmd: wget https://git.io/vXTVC -O data/raw/dataset.csv
    outs:
    - path: data/raw/dataset.csv
      md5: 1a53f0e394e74914659007cc5f153b9f
      size: 1850
  chap02_ab_testing:
    cmd: poetry run python -m src.chapter02.ab_testing
    deps:
    - path: src/chapter02/ab_testing.py
      md5: c32e899e7f79adb2cb0db7d70e967de9
      size: 1574
    outs:
    - path: reports/figures/chapter02/
      md5: e75ad97d154ce1e8bfca1a108c90775b.dir
      size: 21499
      nfiles: 1
  chap01_sampling:
    cmd: poetry run python -m src.chapter01.sampling data/raw/dataset.csv data/interim/trace_and_model.pickle
      --samples=4000 --sample_tune=1000
    deps:
    - path: data/raw/dataset.csv
      md5: 1a53f0e394e74914659007cc5f153b9f
      size: 1850
    - path: src/chapter01/sampling.py
      md5: dfcc1fb3b22f3e0c9bc828bf1817dda7
      size: 2158
    - path: src/utils.py
      md5: 08908d6b0cc85d9d1565106989f226c5
      size: 1331
    outs:
    - path: data/interim/trace_and_model.pickle
      md5: a44263e776fa7d2883db9d4266e8c3ea
      size: 2667532
  chap01_analysis:
    cmd: poetry run python -m src.chapter01.analysis data/raw/dataset.csv data/interim/trace_and_model.pickle
      reports/figures/chapter01/ data/processed/trace_summary.csv
    deps:
    - path: data/interim/trace_and_model.pickle
      md5: a44263e776fa7d2883db9d4266e8c3ea
      size: 2667532
    - path: data/raw/dataset.csv
      md5: 1a53f0e394e74914659007cc5f153b9f
      size: 1850
    - path: src/chapter01/analysis.py
      md5: b3f9aa85f5e8fb2fb2fc21f59c1a8dac
      size: 4704
    - path: src/utils.py
      md5: 08908d6b0cc85d9d1565106989f226c5
      size: 1331
    outs:
    - path: data/processed/trace_summary.csv
      md5: 9f9195f6a76eacf81ff163786bb0d54d
      size: 255
    - path: reports/figures/chapter01/
      md5: e12f91f79a67e4dd7c92af4df17cfa55.dir
      size: 258738
      nfiles: 4
  chap02_one_bernoulli:
    cmd: poetry run python -m src.chapter02.one_bernoulli --figure_dir reports/figures/chapter02/one/
    deps:
    - path: src/chapter02/one_bernoulli.py
      md5: 10f887169081cf88af90da4264f22234
      size: 1887
    - path: src/utils.py
      md5: 08908d6b0cc85d9d1565106989f226c5
      size: 1331
    outs:
    - path: reports/figures/chapter02/one/bernoulli.png
      md5: 6b9aa8edc55cb54b67f8f50d35a9e145
      size: 21495
  chap02_two_bernoulli:
    cmd: poetry run python -m src.chapter02.two_bernoulli --figure_dir reports/figures/chapter02/two/
    deps:
    - path: src/chapter02/two_bernoulli.py
      md5: 15f756da5c0dc81a27c59f282dd4c3e3
      size: 4061
    - path: src/utils.py
      md5: 35786e8e469996ec09b518de1d2c4e72
      size: 1019
    outs:
    - path: reports/figures/chapter02/two/bernoulli.png
      md5: 40fb545aad83f6108da042c9170cb348
      size: 67424
  chap02_two_bernoulli_sampling:
    cmd: poetry run python -m src.chapter02.two_bernoulli_sampling --model_output_filepath
      models/chapter02/two_bernoulli.pickle --theta_filepath models/chapter02/two_bernoulli_theta.npz
    deps:
    - path: src/chapter02/two_bernoulli_sampling.py
      md5: 4fd90b0d9980489944c94d9d50fffe60
      size: 3891
    - path: src/utils.py
      md5: 08908d6b0cc85d9d1565106989f226c5
      size: 1331
    outs:
    - path: models/chapter02/two_bernoulli.pickle
      md5: 36efba814dc441ade62b5e8b23466b30
      size: 5756836
    - path: models/chapter02/two_bernoulli_theta.npz
      md5: 02043878c828e61f52d285aa06abef6d
      size: 19546
  chap02_two_bernoulli_analysis:
    cmd: poetry run python -m src.chapter02.two_bernoulli_analysis models/chapter02/two_bernoulli.pickle
      models/chapter02/two_bernoulli_theta.npz --figure_dir reports/figures/chapter02/two/
    deps:
    - path: models/chapter02/two_bernoulli.pickle
      md5: 36efba814dc441ade62b5e8b23466b30
      size: 5756836
    - path: models/chapter02/two_bernoulli_theta.npz
      md5: 02043878c828e61f52d285aa06abef6d
      size: 19546
    - path: src/chapter02/two_bernoulli_analysis.py
      md5: 7bc76956a5df3e5c759edb4fced796a0
      size: 8598
    - path: src/utils.py
      md5: 08908d6b0cc85d9d1565106989f226c5
      size: 1331
    outs:
    - path: reports/figures/chapter02/two/bernoulli.png
      md5: ca1d167fdc34970131f33969100e6bc5
      size: 152544
    - path: reports/figures/chapter02/two/trace.png
      md5: 74fd4d2d2a133ecebfa64961589e106f
      size: 177482
  chap02_two_bernoulli_sampling@2:
    cmd: poetry run python -m src.chapter02.two_bernoulli_sampling --model_output_filepath
      models/chapter02/2/two_bernoulli.pickle --theta_filepath models/chapter02/2/two_bernoulli_theta.npz
    deps:
    - path: src/chapter02/two_bernoulli_sampling.py
      md5: 4fd90b0d9980489944c94d9d50fffe60
      size: 3891
    - path: src/utils.py
      md5: 08908d6b0cc85d9d1565106989f226c5
      size: 1331
    outs:
    - path: models/chapter02/2/two_bernoulli.pickle
      md5: d0ef24da8f94c60b827f3f794de303df
      size: 5756836
    - path: models/chapter02/2/two_bernoulli_theta.npz
      md5: aab88ce1ec2e86221f82498aaada6066
      size: 19546
  chap02_two_bernoulli_sampling@3:
    cmd: poetry run python -m src.chapter02.two_bernoulli_sampling --model_output_filepath
      models/chapter02/3/two_bernoulli.pickle --theta_filepath models/chapter02/3/two_bernoulli_theta.npz
    deps:
    - path: src/chapter02/two_bernoulli_sampling.py
      md5: 4fd90b0d9980489944c94d9d50fffe60
      size: 3891
    - path: src/utils.py
      md5: 08908d6b0cc85d9d1565106989f226c5
      size: 1331
    outs:
    - path: models/chapter02/3/two_bernoulli.pickle
      md5: 995830208ea22150c97914735882237e
      size: 5756839
    - path: models/chapter02/3/two_bernoulli_theta.npz
      md5: 3ff62cf659e652d33ca6bdd117c10191
      size: 19546
  chap02_two_bernoulli_sampling@1:
    cmd: poetry run python -m src.chapter02.two_bernoulli_sampling --model_output_filepath
      models/chapter02/1/two_bernoulli.pickle --theta_filepath models/chapter02/1/two_bernoulli_theta.npz
    deps:
    - path: src/chapter02/two_bernoulli_sampling.py
      md5: 4fd90b0d9980489944c94d9d50fffe60
      size: 3891
    - path: src/utils.py
      md5: 08908d6b0cc85d9d1565106989f226c5
      size: 1331
    outs:
    - path: models/chapter02/1/two_bernoulli.pickle
      md5: da464fc2ae8aff4fa8cd0c8991d015c5
      size: 5756843
    - path: models/chapter02/1/two_bernoulli_theta.npz
      md5: 34cf611f1ca36b7b130519b3208f30a7
      size: 19546
  chap02_two_bernoulli_analysis@1:
    cmd: poetry run python -m src.chapter02.two_bernoulli_analysis models/chapter02/1/two_bernoulli.pickle
      models/chapter02/1/two_bernoulli_theta.npz data/processed/chapter02/two/1/ --figure_dir
      reports/figures/chapter02/two/1/
    deps:
    - path: models/chapter02/1/two_bernoulli.pickle
      md5: da464fc2ae8aff4fa8cd0c8991d015c5
      size: 5756843
    - path: models/chapter02/1/two_bernoulli_theta.npz
      md5: 34cf611f1ca36b7b130519b3208f30a7
      size: 19546
    - path: src/chapter02/two_bernoulli_analysis.py
      md5: 3005ed0fcfaed172d8b7a640849ee743
      size: 8869
    - path: src/utils.py
      md5: 08908d6b0cc85d9d1565106989f226c5
      size: 1331
    outs:
    - path: data/processed/chapter02/two/1/
      md5: 765aaf24589b964eda1bd4b9ff296bb7.dir
      size: 18087
      nfiles: 2
    - path: reports/figures/chapter02/two/1/bernoulli.png
      md5: 407b771b68011c190d9d62d311ede3b6
      size: 152494
    - path: reports/figures/chapter02/two/1/trace.png
      md5: 4fc2b050d583b392598bf245ae14d758
      size: 176916
  chap02_two_bernoulli_sampling@0:
    cmd: poetry run python -m src.chapter02.two_bernoulli_sampling --model_output_filepath
      models/chapter02/0/two_bernoulli.pickle --theta_filepath models/chapter02/0/two_bernoulli_theta.npz
    deps:
    - path: src/chapter02/two_bernoulli_sampling.py
      md5: 4fd90b0d9980489944c94d9d50fffe60
      size: 3891
    - path: src/utils.py
      md5: 08908d6b0cc85d9d1565106989f226c5
      size: 1331
    outs:
    - path: models/chapter02/0/two_bernoulli.pickle
      md5: a65680a64a041ae79224e257e7c68c32
      size: 5756836
    - path: models/chapter02/0/two_bernoulli_theta.npz
      md5: 61400a101a98629e517dfa5eed94b915
      size: 19546
  chap02_two_bernoulli_sampling@4:
    cmd: poetry run python -m src.chapter02.two_bernoulli_sampling --model_output_filepath
      models/chapter02/4/two_bernoulli.pickle --theta_filepath models/chapter02/4/two_bernoulli_theta.npz
    deps:
    - path: src/chapter02/two_bernoulli_sampling.py
      md5: 4fd90b0d9980489944c94d9d50fffe60
      size: 3891
    - path: src/utils.py
      md5: 08908d6b0cc85d9d1565106989f226c5
      size: 1331
    outs:
    - path: models/chapter02/4/two_bernoulli.pickle
      md5: 226bc60d2d8037b35be80bf5d5ab35a4
      size: 5756836
    - path: models/chapter02/4/two_bernoulli_theta.npz
      md5: b030817e7d600ae7411a6e708e39da85
      size: 19546
  chap02_two_bernoulli_analysis@4:
    cmd: poetry run python -m src.chapter02.two_bernoulli_analysis models/chapter02/4/two_bernoulli.pickle
      models/chapter02/4/two_bernoulli_theta.npz data/processed/chapter02/two/4/ --figure_dir
      reports/figures/chapter02/two/4/
    deps:
    - path: models/chapter02/4/two_bernoulli.pickle
      md5: 226bc60d2d8037b35be80bf5d5ab35a4
      size: 5756836
    - path: models/chapter02/4/two_bernoulli_theta.npz
      md5: b030817e7d600ae7411a6e708e39da85
      size: 19546
    - path: src/chapter02/two_bernoulli_analysis.py
      md5: 3005ed0fcfaed172d8b7a640849ee743
      size: 8869
    - path: src/utils.py
      md5: 08908d6b0cc85d9d1565106989f226c5
      size: 1331
    outs:
    - path: data/processed/chapter02/two/4/
      md5: f632d0a372c35ccd74d65ea7cf5884ce.dir
      size: 18292
      nfiles: 2
    - path: reports/figures/chapter02/two/4/bernoulli.png
      md5: 0cfc317e1aacad8ba5df306cd030d194
      size: 165537
    - path: reports/figures/chapter02/two/4/trace.png
      md5: d31495a1c79395c101bc052a215a1e22
      size: 181831
  chap02_two_bernoulli_analysis@0:
    cmd: poetry run python -m src.chapter02.two_bernoulli_analysis models/chapter02/0/two_bernoulli.pickle
      models/chapter02/0/two_bernoulli_theta.npz data/processed/chapter02/two/0/ --figure_dir
      reports/figures/chapter02/two/0/
    deps:
    - path: models/chapter02/0/two_bernoulli.pickle
      md5: a65680a64a041ae79224e257e7c68c32
      size: 5756836
    - path: models/chapter02/0/two_bernoulli_theta.npz
      md5: 61400a101a98629e517dfa5eed94b915
      size: 19546
    - path: src/chapter02/two_bernoulli_analysis.py
      md5: 3005ed0fcfaed172d8b7a640849ee743
      size: 8869
    - path: src/utils.py
      md5: 08908d6b0cc85d9d1565106989f226c5
      size: 1331
    outs:
    - path: data/processed/chapter02/two/0/
      md5: 34e3d1f74ccdd05348c4046a9ecd5455.dir
      size: 18305
      nfiles: 2
    - path: reports/figures/chapter02/two/0/bernoulli.png
      md5: 390bc7c24aba1746d6e7c7381ffc4575
      size: 159774
    - path: reports/figures/chapter02/two/0/trace.png
      md5: 22025a6144067b0befbc3bb7182a4a15
      size: 175856
  chap02_two_bernoulli_analysis@2:
    cmd: poetry run python -m src.chapter02.two_bernoulli_analysis models/chapter02/2/two_bernoulli.pickle
      models/chapter02/2/two_bernoulli_theta.npz data/processed/chapter02/two/2/ --figure_dir
      reports/figures/chapter02/two/2/
    deps:
    - path: models/chapter02/2/two_bernoulli.pickle
      md5: d0ef24da8f94c60b827f3f794de303df
      size: 5756836
    - path: models/chapter02/2/two_bernoulli_theta.npz
      md5: aab88ce1ec2e86221f82498aaada6066
      size: 19546
    - path: src/chapter02/two_bernoulli_analysis.py
      md5: 3005ed0fcfaed172d8b7a640849ee743
      size: 8869
    - path: src/utils.py
      md5: 08908d6b0cc85d9d1565106989f226c5
      size: 1331
    outs:
    - path: data/processed/chapter02/two/2/
      md5: c61ccbbfe30a8d4206144194d518c368.dir
      size: 18359
      nfiles: 2
    - path: reports/figures/chapter02/two/2/bernoulli.png
      md5: fa847c6aacb3edd617cf9169d11af8e3
      size: 163147
    - path: reports/figures/chapter02/two/2/trace.png
      md5: 88edc3d03c61c034b2d89a293595cd5c
      size: 180704
  chap02_two_bernoulli_analysis@3:
    cmd: poetry run python -m src.chapter02.two_bernoulli_analysis models/chapter02/3/two_bernoulli.pickle
      models/chapter02/3/two_bernoulli_theta.npz data/processed/chapter02/two/3/ --figure_dir
      reports/figures/chapter02/two/3/
    deps:
    - path: models/chapter02/3/two_bernoulli.pickle
      md5: 995830208ea22150c97914735882237e
      size: 5756839
    - path: models/chapter02/3/two_bernoulli_theta.npz
      md5: 3ff62cf659e652d33ca6bdd117c10191
      size: 19546
    - path: src/chapter02/two_bernoulli_analysis.py
      md5: 3005ed0fcfaed172d8b7a640849ee743
      size: 8869
    - path: src/utils.py
      md5: 08908d6b0cc85d9d1565106989f226c5
      size: 1331
    outs:
    - path: data/processed/chapter02/two/3/
      md5: 475af848090a016328381c4c41f10c2d.dir
      size: 18276
      nfiles: 2
    - path: reports/figures/chapter02/two/3/bernoulli.png
      md5: ce286df1aa38ff17b3e12ba2b6367154
      size: 159194
    - path: reports/figures/chapter02/two/3/trace.png
      md5: 3a42533ed57a8d82962d17b6cd1c59cc
      size: 179695
  params_example:
    cmd: echo a
    params:
      params.yaml:
        sampling_config:
        - index: 1
        - index: 2
        - index: 3
  params_example@0:
    cmd: echo "1"
  params_example@1:
    cmd: echo "2"
  params_example@2:
    cmd: echo "3"
  chap02_two_bernoulli_sampling@params1:
    cmd: poetry run python -m src.chapter02.two_bernoulli_sampling models/chapter02/params1/two_bernoulli_model.pickle
      models/chapter02/params1/two_bernoulli_theta.npz --sampling_random_seed 101
      --n_a 1500 --n_b 750
    deps:
    - path: src/chapter02/two_bernoulli_sampling.py
      md5: 3daa7cf0cd5bb065f1a3a2deee9a66e2
      size: 3978
    - path: src/utils.py
      md5: 08908d6b0cc85d9d1565106989f226c5
      size: 1331
    outs:
    - path: models/chapter02/params1/two_bernoulli_model.pickle
      md5: bbd64ceafd057bfd7cea5b722baf63d4
      size: 5750476
    - path: models/chapter02/params1/two_bernoulli_theta.npz
      md5: f469224b689e5d5f1885077475b726ff
      size: 19546
  chap02_two_bernoulli_analysis@params1:
    cmd: poetry run python -m src.chapter02.two_bernoulli_analysis models/chapter02/params1/two_bernoulli_model.pickle
      models/chapter02/params1/two_bernoulli_theta.npz data/processed/chapter02/two/params1/
      --figure_dir reports/figures/chapter02/two/params1/
    deps:
    - path: models/chapter02/params1/two_bernoulli.pickle
      md5: eb82832b157320df1d772a3cb96a4178
      size: 5750461
    - path: models/chapter02/params1/two_bernoulli_theta.npz
      md5: f469224b689e5d5f1885077475b726ff
      size: 19546
    - path: src/chapter02/two_bernoulli_analysis.py
      md5: 3911f3a8e50cfdd26c39c874c07e2839
      size: 8869
    - path: src/utils.py
      md5: 08908d6b0cc85d9d1565106989f226c5
      size: 1331
    outs:
    - path: data/processed/chapter02/two/params1/
      md5: 96137b3496513c08b01e83d821487398.dir
      size: 18387
      nfiles: 2
    - path: reports/figures/chapter02/two/params1/histogram.png
      md5: 823d2bc61dc44411c662866185d59907
      size: 160744
    - path: reports/figures/chapter02/two/params1/trace.png
      md5: 17b6da7120059afc3cbf4fa4a238bdb9
      size: 176253
  chap02_two_bernoulli_sampling@params3:
    cmd: poetry run python -m src.chapter02.two_bernoulli_sampling models/chapter02/params3/two_bernoulli_model.pickle
      models/chapter02/params3/two_bernoulli_theta.npz --sampling_random_seed 103
      --n_a 1500 --n_b 750
    deps:
    - path: src/chapter02/two_bernoulli_sampling.py
      md5: 3daa7cf0cd5bb065f1a3a2deee9a66e2
      size: 3978
    - path: src/utils.py
      md5: 08908d6b0cc85d9d1565106989f226c5
      size: 1331
    outs:
    - path: models/chapter02/params3/two_bernoulli_model.pickle
      md5: e261f4b3663ebce90fd65c905802e11a
      size: 5750476
    - path: models/chapter02/params3/two_bernoulli_theta.npz
      md5: e4f84b47af1d24059589e6d69a1cc8fa
      size: 19546
  chap02_two_bernoulli_analysis@params3:
    cmd: poetry run python -m src.chapter02.two_bernoulli_analysis models/chapter02/params3/two_bernoulli_model.pickle
      models/chapter02/params3/two_bernoulli_theta.npz data/processed/chapter02/two/params3/
      --figure_dir reports/figures/chapter02/two/params3/
    deps:
    - path: models/chapter02/params3/two_bernoulli.pickle
      md5: e74343e4fa23156c434cb4961a13709b
      size: 5750465
    - path: models/chapter02/params3/two_bernoulli_theta.npz
      md5: e4f84b47af1d24059589e6d69a1cc8fa
      size: 19546
    - path: src/chapter02/two_bernoulli_analysis.py
      md5: 3911f3a8e50cfdd26c39c874c07e2839
      size: 8869
    - path: src/utils.py
      md5: 08908d6b0cc85d9d1565106989f226c5
      size: 1331
    outs:
    - path: data/processed/chapter02/two/params3/
      md5: c8972d0bc57deab6ab76ecf118f1dd53.dir
      size: 18386
      nfiles: 2
    - path: reports/figures/chapter02/two/params3/histogram.png
      md5: 1f260d158edd3417f5683165a6ce8b09
      size: 158406
    - path: reports/figures/chapter02/two/params3/trace.png
      md5: 833602c6b0b8f6685be7f1485fdcdd3c
      size: 178208
  chap02_two_bernoulli_sampling@params2:
    cmd: poetry run python -m src.chapter02.two_bernoulli_sampling models/chapter02/params2/two_bernoulli_model.pickle
      models/chapter02/params2/two_bernoulli_theta.npz --sampling_random_seed 102
      --n_a 1500 --n_b 750
    deps:
    - path: src/chapter02/two_bernoulli_sampling.py
      md5: 3daa7cf0cd5bb065f1a3a2deee9a66e2
      size: 3978
    - path: src/utils.py
      md5: 08908d6b0cc85d9d1565106989f226c5
      size: 1331
    outs:
    - path: models/chapter02/params2/two_bernoulli_model.pickle
      md5: 0da823a1964a8e9f7e7c26f2a01f2c0b
      size: 5750476
    - path: models/chapter02/params2/two_bernoulli_theta.npz
      md5: 41b72fc7bde60903400da06b8697d221
      size: 19546
  chap02_two_bernoulli_analysis@params2:
    cmd: poetry run python -m src.chapter02.two_bernoulli_analysis models/chapter02/params2/two_bernoulli_model.pickle
      models/chapter02/params2/two_bernoulli_theta.npz data/processed/chapter02/two/params2/
      --figure_dir reports/figures/chapter02/two/params2/
    deps:
    - path: models/chapter02/params2/two_bernoulli.pickle
      md5: 9d3a963fe653346174796dfddc0d78ad
      size: 5750469
    - path: models/chapter02/params2/two_bernoulli_theta.npz
      md5: 41b72fc7bde60903400da06b8697d221
      size: 19546
    - path: src/chapter02/two_bernoulli_analysis.py
      md5: 3911f3a8e50cfdd26c39c874c07e2839
      size: 8869
    - path: src/utils.py
      md5: 08908d6b0cc85d9d1565106989f226c5
      size: 1331
    outs:
    - path: data/processed/chapter02/two/params2/
      md5: dca84bcb3e6e818907f5b0bfbfbb66a6.dir
      size: 18203
      nfiles: 2
    - path: reports/figures/chapter02/two/params2/histogram.png
      md5: eda955a4a34c10ebc1345dbe92dc9087
      size: 161082
    - path: reports/figures/chapter02/two/params2/trace.png
      md5: feb9b12125544da2e2b4ff3768e1050d
      size: 178855
  chap02_two_bernoulli_sampling@params4:
    cmd: poetry run python -m src.chapter02.two_bernoulli_sampling models/chapter02/params4/two_bernoulli_model.pickle
      models/chapter02/params4/two_bernoulli_theta.npz --sampling_random_seed 104
      --n_a 1500 --n_b 750
    deps:
    - path: src/chapter02/two_bernoulli_sampling.py
      md5: 3daa7cf0cd5bb065f1a3a2deee9a66e2
      size: 3978
    - path: src/utils.py
      md5: 08908d6b0cc85d9d1565106989f226c5
      size: 1331
    outs:
    - path: models/chapter02/params4/two_bernoulli_model.pickle
      md5: d563f3a953dd89532f5832c4f10c9ffa
      size: 5750476
    - path: models/chapter02/params4/two_bernoulli_theta.npz
      md5: 7d2dc8f81080127e2743140a364eaca8
      size: 19546
  chap02_two_bernoulli_analysis@params4:
    cmd: poetry run python -m src.chapter02.two_bernoulli_analysis models/chapter02/params4/two_bernoulli_model.pickle
      models/chapter02/params4/two_bernoulli_theta.npz data/processed/chapter02/two/params4/
      --figure_dir reports/figures/chapter02/two/params4/
    deps:
    - path: models/chapter02/params4/two_bernoulli.pickle
      md5: a7268c5c0c0eda6feab91cde85ebd9f8
      size: 5750471
    - path: models/chapter02/params4/two_bernoulli_theta.npz
      md5: 7d2dc8f81080127e2743140a364eaca8
      size: 19546
    - path: src/chapter02/two_bernoulli_analysis.py
      md5: 3911f3a8e50cfdd26c39c874c07e2839
      size: 8869
    - path: src/utils.py
      md5: 08908d6b0cc85d9d1565106989f226c5
      size: 1331
    outs:
    - path: data/processed/chapter02/two/params4/
      md5: eca821cf089dd434ad6e60e527f89fa7.dir
      size: 18419
      nfiles: 2
    - path: reports/figures/chapter02/two/params4/histogram.png
      md5: 4c9e3b4d2116492fca0852c47e581535
      size: 160374
    - path: reports/figures/chapter02/two/params4/trace.png
      md5: 89726a33a452f19d7551df4f6ac38272
      size: 176781
  chap02_two_bernoulli_sampling@params0:
    cmd: poetry run python -m src.chapter02.two_bernoulli_sampling models/chapter02/params0/two_bernoulli_model.pickle
      models/chapter02/params0/two_bernoulli_theta.npz --sampling_random_seed 100
      --n_a 1500 --n_b 750
    deps:
    - path: src/chapter02/two_bernoulli_sampling.py
      md5: 3daa7cf0cd5bb065f1a3a2deee9a66e2
      size: 3978
    - path: src/utils.py
      md5: 08908d6b0cc85d9d1565106989f226c5
      size: 1331
    outs:
    - path: models/chapter02/params0/two_bernoulli_model.pickle
      md5: 6bd0c65df0e91151e6509f90ad96eb1f
      size: 5750476
    - path: models/chapter02/params0/two_bernoulli_theta.npz
      md5: e134673ad7e9254dc98cda7212b7ad2a
      size: 19546
  chap02_two_bernoulli_analysis@params0:
    cmd: poetry run python -m src.chapter02.two_bernoulli_analysis models/chapter02/params0/two_bernoulli_model.pickle
      models/chapter02/params0/two_bernoulli_theta.npz data/processed/chapter02/two/params0/
      --figure_dir reports/figures/chapter02/two/params0/
    deps:
    - path: models/chapter02/params0/two_bernoulli.pickle
      md5: 706e0ecc7caeedada893b76fac4b03f8
      size: 5750476
    - path: models/chapter02/params0/two_bernoulli_theta.npz
      md5: e134673ad7e9254dc98cda7212b7ad2a
      size: 19546
    - path: src/chapter02/two_bernoulli_analysis.py
      md5: 3911f3a8e50cfdd26c39c874c07e2839
      size: 8869
    - path: src/utils.py
      md5: 08908d6b0cc85d9d1565106989f226c5
      size: 1331
    outs:
    - path: data/processed/chapter02/two/params0/
      md5: b11cef7b1e8b8744a85ee6043a5f4695.dir
      size: 18233
      nfiles: 2
    - path: reports/figures/chapter02/two/params0/histogram.png
      md5: 9ce779fda8d8956b89881bb5da25161d
      size: 163614
    - path: reports/figures/chapter02/two/params0/trace.png
      md5: db4d0938d2521fcdc38627cf81835c0c
      size: 175712
