schema: '2.0'
stages:
  download_data:
    cmd: wget https://git.io/vXTVC -O data/raw/dataset.csv
    outs:
    - path: data/raw/dataset.csv
      md5: 1a53f0e394e74914659007cc5f153b9f
      size: 1850
  sampling:
    cmd: poetry run python -m chapter01.sampling data/raw/dataset.csv data/interim/trace.pickle
      data/interim/model.pickle --samples=4000 --sample_tune=1000
    deps:
    - path: chapter01/sampling.py
      md5: f73a55e8db84b3c974d3b8e75feeb435
      size: 2310
    - path: data/raw/dataset.csv
      md5: 1a53f0e394e74914659007cc5f153b9f
      size: 1850
    outs:
    - path: data/interim/model.pickle
      md5: 860d5fd3645786f23e8aab6fdda0b562
      size: 767672
    - path: data/interim/trace.pickle
      md5: f2ecb2c7ab7d3b33813f9b66c34e3006
      size: 2666820
  analysis:
    cmd: poetry run python -m chapter01.analysis data/raw/dataset.csv data/interim/trace.pickle
      data/interim/model.pickle reports/figures/chapter01/ data/processed/trace_summary.csv
    deps:
    - path: chapter01/analysis.py
      md5: 5b22b3adcf612fd80b62ef70b0edbf3c
      size: 5215
    - path: data/interim/model.pickle
      md5: 860d5fd3645786f23e8aab6fdda0b562
      size: 767672
    - path: data/interim/trace.pickle
      md5: f2ecb2c7ab7d3b33813f9b66c34e3006
      size: 2666820
    - path: data/raw/dataset.csv
      md5: 1a53f0e394e74914659007cc5f153b9f
      size: 1850
    outs:
    - path: data/processed/trace_summary.csv
      md5: 4367ba715e0d003c9b4a022b1fffbca5
      size: 255
    - path: reports/figures/chapter01/
      md5: 89298950c44250aecaaac97e228bfa35.dir
      size: 248762
      nfiles: 4
  chap01_download_data:
    cmd: wget https://git.io/vXTVC -O data/raw/dataset.csv
    outs:
    - path: data/raw/dataset.csv
      md5: 1a53f0e394e74914659007cc5f153b9f
      size: 1850
  chap02_ab_testing:
    cmd: poetry run python -m src.chapter02.ab_testing
    deps:
    - path: src/chapter02/ab_testing.py
      md5: c32e899e7f79adb2cb0db7d70e967de9
      size: 1574
    outs:
    - path: reports/figures/chapter02/
      md5: e75ad97d154ce1e8bfca1a108c90775b.dir
      size: 21499
      nfiles: 1
  chap01_sampling:
    cmd: poetry run python -m src.chapter01.sampling data/raw/dataset.csv data/interim/trace_and_model.pickle
      --samples=4000 --sample_tune=1000
    deps:
    - path: data/raw/dataset.csv
      md5: 1a53f0e394e74914659007cc5f153b9f
      size: 1850
    - path: src/chapter01/sampling.py
      md5: dfcc1fb3b22f3e0c9bc828bf1817dda7
      size: 2158
    - path: src/utils.py
      md5: 08908d6b0cc85d9d1565106989f226c5
      size: 1331
    outs:
    - path: data/interim/trace_and_model.pickle
      md5: a44263e776fa7d2883db9d4266e8c3ea
      size: 2667532
  chap01_analysis:
    cmd: poetry run python -m src.chapter01.analysis data/raw/dataset.csv data/interim/trace_and_model.pickle
      reports/figures/chapter01/ data/processed/trace_summary.csv
    deps:
    - path: data/interim/trace_and_model.pickle
      md5: a44263e776fa7d2883db9d4266e8c3ea
      size: 2667532
    - path: data/raw/dataset.csv
      md5: 1a53f0e394e74914659007cc5f153b9f
      size: 1850
    - path: src/chapter01/analysis.py
      md5: b3f9aa85f5e8fb2fb2fc21f59c1a8dac
      size: 4704
    - path: src/utils.py
      md5: 08908d6b0cc85d9d1565106989f226c5
      size: 1331
    outs:
    - path: data/processed/trace_summary.csv
      md5: 9f9195f6a76eacf81ff163786bb0d54d
      size: 255
    - path: reports/figures/chapter01/
      md5: e12f91f79a67e4dd7c92af4df17cfa55.dir
      size: 258738
      nfiles: 4
  chap02_one_bernoulli:
    cmd: poetry run python -m src.chapter02.one_bernoulli --figure_dir reports/figures/chapter02/one/
    deps:
    - path: src/chapter02/one_bernoulli.py
      md5: 10f887169081cf88af90da4264f22234
      size: 1887
    - path: src/utils.py
      md5: 08908d6b0cc85d9d1565106989f226c5
      size: 1331
    outs:
    - path: reports/figures/chapter02/one/bernoulli.png
      md5: 6b9aa8edc55cb54b67f8f50d35a9e145
      size: 21495
  chap02_two_bernoulli:
    cmd: poetry run python -m src.chapter02.two_bernoulli --figure_dir reports/figures/chapter02/two/
    deps:
    - path: src/chapter02/two_bernoulli.py
      md5: 15f756da5c0dc81a27c59f282dd4c3e3
      size: 4061
    - path: src/utils.py
      md5: 35786e8e469996ec09b518de1d2c4e72
      size: 1019
    outs:
    - path: reports/figures/chapter02/two/bernoulli.png
      md5: 40fb545aad83f6108da042c9170cb348
      size: 67424
  chap02_two_bernoulli_sampling:
    cmd: poetry run python -m src.chapter02.two_bernoulli_sampling --model_output_filepath
      models/chapter02/two_bernoulli.pickle --theta_filepath models/chapter02/two_bernoulli_theta.npz
    deps:
    - path: src/chapter02/two_bernoulli_sampling.py
      md5: 3e3b0a1df6fc217ba6853ecd4d88ac1a
      size: 3823
    - path: src/utils.py
      md5: 08908d6b0cc85d9d1565106989f226c5
      size: 1331
    outs:
    - path: models/chapter02/two_bernoulli.pickle
      md5: 8684ad9f24dcefaa449491351ecd31d3
      size: 5764877
    - path: models/chapter02/two_bernoulli_theta.npz
      md5: da02c0a940262326dbfcb8d49d910dc2
      size: 19538
  chap02_two_bernoulli_analysis:
    cmd: poetry run python -m src.chapter02.two_bernoulli_analysis models/chapter02/two_bernoulli.pickle
      models/chapter02/two_bernoulli_theta.npz --figure_dir reports/figures/chapter02/two/
    deps:
    - path: models/chapter02/two_bernoulli.pickle
      md5: 8684ad9f24dcefaa449491351ecd31d3
      size: 5764877
    - path: models/chapter02/two_bernoulli_theta.npz
      md5: da02c0a940262326dbfcb8d49d910dc2
      size: 19538
    - path: src/chapter02/two_bernoulli_analysis.py
      md5: 6186e5fc815f0821eaef251d18aa7213
      size: 6437
    - path: src/utils.py
      md5: 08908d6b0cc85d9d1565106989f226c5
      size: 1331
    outs:
    - path: reports/figures/chapter02/two/bernoulli.png
      md5: 42cc79e7f77f0742e41a2078ad41f3f1
      size: 101289
    - path: reports/figures/chapter02/two/trace.png
      md5: 72e4ca65aed1bc060f16502bdeb011d9
      size: 173892
