schema: '2.0'
stages:
  download_data:
    cmd: wget https://git.io/vXTVC -O data/raw/dataset.csv
    outs:
    - path: data/raw/dataset.csv
      md5: 1a53f0e394e74914659007cc5f153b9f
      size: 1850
  sampling:
    cmd: poetry run python -m chapter01.sampling data/raw/dataset.csv data/interim/trace.pickle
      data/interim/model.pickle --samples=40000 --sample_tune=10000
    deps:
    - path: chapter01/sampling.py
      md5: f73a55e8db84b3c974d3b8e75feeb435
      size: 2310
    - path: data/raw/dataset.csv
      md5: 1a53f0e394e74914659007cc5f153b9f
      size: 1850
    outs:
    - path: data/interim/model.pickle
      md5: 44cbff7f0e4d5d9b54f5404ced506b21
      size: 767672
    - path: data/interim/trace.pickle
      md5: b62ca19653abd0e1d350b6b68ff21716
      size: 19514850
  analysis:
    cmd: poetry run python -m chapter01.analysis data/raw/dataset.csv data/interim/trace.pickle
      data/interim/model.pickle reports/figures/chapter01/ data/processed/trace_summary.csv
    deps:
    - path: chapter01/analysis.py
      md5: ecae41a31b48dd2d0457c9c75125e31f
      size: 5008
    - path: data/interim/model.pickle
      md5: 44cbff7f0e4d5d9b54f5404ced506b21
      size: 767672
    - path: data/interim/trace.pickle
      md5: b62ca19653abd0e1d350b6b68ff21716
      size: 19514850
    - path: data/raw/dataset.csv
      md5: 1a53f0e394e74914659007cc5f153b9f
      size: 1850
    outs:
    - path: data/processed/trace_summary.csv
      md5: 550ddfef45c5ee0e1bf045f8fba4ac30
      size: 261
    - path: reports/figures/chapter01/
      md5: 77cf70b27927823c105c5aea5ae84281.dir
      size: 212849
      nfiles: 4
